
Microsoft Visual Studio Solution File, Format Version 12.00
# Visual Studio Version 16
VisualStudioVersion = 16.0.31105.61
MinimumVisualStudioVersion = 10.0.40219.1
Project("{FAE04EC0-301F-11D3-BF4B-00C04F79EFBC}") = "EKartNotification", "EKartNotification\EKartNotification.csproj", "{2A747CE8-10B5-4A70-9714-C702F684C75E}"
EndProject
Project("{FAE04EC0-301F-11D3-BF4B-00C04F79EFBC}") = "Notification", "Notification\Notification.csproj", "{8DDB015F-1B06-471B-A628-839AF12C5424}"
EndProject
Global
	GlobalSection(SolutionConfigurationPlatforms) = preSolution
		Debug|Any CPU = Debug|Any CPU
		Release|Any CPU = Release|Any CPU
	EndGlobalSection
	GlobalSection(ProjectConfigurationPlatforms) = postSolution
		{2A747CE8-10B5-4A70-9714-C702F684C75E}.Debug|Any CPU.ActiveCfg = Debug|Any CPU
		{2A747CE8-10B5-4A70-9714-C702F684C75E}.Debug|Any CPU.Build.0 = Debug|Any CPU
		{2A747CE8-10B5-4A70-9714-C702F684C75E}.Release|Any CPU.ActiveCfg = Release|Any CPU
		{2A747CE8-10B5-4A70-9714-C702F684C75E}.Release|Any CPU.Build.0 = Release|Any CPU
		{8DDB015F-1B06-471B-A628-839AF12C5424}.Debug|Any CPU.ActiveCfg = Debug|Any CPU
		{8DDB015F-1B06-471B-A628-839AF12C5424}.Debug|Any CPU.Build.0 = Debug|Any CPU
		{8DDB015F-1B06-471B-A628-839AF12C5424}.Release|Any CPU.ActiveCfg = Release|Any CPU
		{8DDB015F-1B06-471B-A628-839AF12C5424}.Release|Any CPU.Build.0 = Release|Any CPU
	EndGlobalSection
	GlobalSection(SolutionProperties) = preSolution
		HideSolutionNode = FALSE
	EndGlobalSection
	GlobalSection(ExtensibilityGlobals) = postSolution
		SolutionGuid = {97AF1392-B2A9-4369-AE01-2DBC7E820D1B}
	EndGlobalSection
EndGlobal
